
Microsoft Visual Studio Solution File, Format Version 12.00
# Visual Studio Version 16
VisualStudioVersion = 25.0.1705.5
MinimumVisualStudioVersion = 10.0.40219.1
Project("{FAE04EC0-301F-11D3-BF4B-00C04F79EFBC}") = "server-cjan030", "server-cjan030.csproj", "{D5F3AA5E-C991-4443-B908-9CA3BFAB7926}"
EndProject
Global
	GlobalSection(SolutionConfigurationPlatforms) = preSolution
		Debug|Any CPU = Debug|Any CPU
		Release|Any CPU = Release|Any CPU
	EndGlobalSection
	GlobalSection(ProjectConfigurationPlatforms) = postSolution
		{D5F3AA5E-C991-4443-B908-9CA3BFAB7926}.Debug|Any CPU.ActiveCfg = Debug|Any CPU
		{D5F3AA5E-C991-4443-B908-9CA3BFAB7926}.Debug|Any CPU.Build.0 = Debug|Any CPU
		{D5F3AA5E-C991-4443-B908-9CA3BFAB7926}.Release|Any CPU.ActiveCfg = Release|Any CPU
		{D5F3AA5E-C991-4443-B908-9CA3BFAB7926}.Release|Any CPU.Build.0 = Release|Any CPU
	EndGlobalSection
	GlobalSection(SolutionProperties) = preSolution
		HideSolutionNode = FALSE
	EndGlobalSection
	GlobalSection(ExtensibilityGlobals) = postSolution
		SolutionGuid = {1F1DFA99-3147-4345-954C-C246A442BF06}
	EndGlobalSection
EndGlobal
